Microsoft Visual Studio Solution File, Format Version 11.00
# Visual Studio 2008

Project("{6093D065-D1EA-A0CD-ACCF-53E32013B2F5}") = "SnakeUnity 9", "Assembly-CSharp-vs.csproj", "{A71A9589-6756-B927-6C47-FD103E2779D5}"
EndProject
Global
	GlobalSection(SolutionConfigurationPlatforms) = preSolution
		Debug|Any CPU = Debug|Any CPU
		Release|Any CPU = Release|Any CPU
	EndGlobalSection
	GlobalSection(ProjectConfigurationPlatforms) = postSolution
		{A71A9589-6756-B927-6C47-FD103E2779D5}.Debug|Any CPU.ActiveCfg = Debug|Any CPU
		{A71A9589-6756-B927-6C47-FD103E2779D5}.Debug|Any CPU.Build.0 = Debug|Any CPU
		{A71A9589-6756-B927-6C47-FD103E2779D5}.Release|Any CPU.ActiveCfg = Release|Any CPU
		{A71A9589-6756-B927-6C47-FD103E2779D5}.Release|Any CPU.Build.0 = Release|Any CPU
	EndGlobalSection
	GlobalSection(SolutionProperties) = preSolution
		HideSolutionNode = FALSE
	EndGlobalSection
																																GlobalSection(MonoDevelopProperties) = preSolution
		StartupItem = Assembly-CSharp.csproj
		Policies = $0
		$0.TextStylePolicy = $1
		$1.inheritsSet = null
		$1.scope = text/x-csharp
		$0.CSharpFormattingPolicy = $2
		$2.inheritsSet = Mono
		$2.inheritsScope = text/x-csharp
		$2.scope = text/x-csharp
		$0.TextStylePolicy = $3
		$3.FileWidth = 120
		$3.TabWidth = 4
		$3.EolMarker = Unix
		$3.inheritsSet = Mono
		$3.inheritsScope = text/plain
		$3.scope = text/plain
	EndGlobalSection

EndGlobal
