
Microsoft Visual Studio Solution File, Format Version 12.00
# Visual Studio 2015
Project("{FAE04EC0-301F-11D3-BF4B-00C04F79EFBC}") = "SnakeUnity 9.CSharp", "SnakeUnity 9.CSharp.csproj", "{CEE7DE65-3C84-BF31-28D4-A2E155968458}"
EndProject
Global
	GlobalSection(SolutionConfigurationPlatforms) = preSolution
		Debug|Any CPU = Debug|Any CPU
		Release|Any CPU = Release|Any CPU
	EndGlobalSection
	GlobalSection(ProjectConfigurationPlatforms) = postSolution
		{CEE7DE65-3C84-BF31-28D4-A2E155968458}.Debug|Any CPU.ActiveCfg = Debug|Any CPU
		{CEE7DE65-3C84-BF31-28D4-A2E155968458}.Debug|Any CPU.Build.0 = Debug|Any CPU
		{CEE7DE65-3C84-BF31-28D4-A2E155968458}.Release|Any CPU.ActiveCfg = Release|Any CPU
		{CEE7DE65-3C84-BF31-28D4-A2E155968458}.Release|Any CPU.Build.0 = Release|Any CPU
	EndGlobalSection
	GlobalSection(SolutionProperties) = preSolution
		HideSolutionNode = FALSE
	EndGlobalSection
EndGlobal
